
Microsoft Visual Studio Solution File, Format Version 12.00
# Visual Studio Version 16
VisualStudioVersion = 16.0.30523.141
MinimumVisualStudioVersion = 10.0.40219.1
Project("{8BC9CEB8-8B4A-11D0-8D11-00A0C91BC942}") = "ChatClient", "ChatClient\ChatClient.vcxproj", "{45B2CE83-2A76-4B9D-BF57-374599B06C8C}"
EndProject
Project("{8BC9CEB8-8B4A-11D0-8D11-00A0C91BC942}") = "ChatService", "ChatService\ChatService.vcxproj", "{5D9714E6-F79A-4BCA-AC9C-C46C0FCB38C2}"
EndProject
Global
	GlobalSection(SolutionConfigurationPlatforms) = preSolution
		Debug|x64 = Debug|x64
		Debug|x86 = Debug|x86
		Release|x64 = Release|x64
		Release|x86 = Release|x86
	EndGlobalSection
	GlobalSection(ProjectConfigurationPlatforms) = postSolution
		{45B2CE83-2A76-4B9D-BF57-374599B06C8C}.Debug|x64.ActiveCfg = Debug|x64
		{45B2CE83-2A76-4B9D-BF57-374599B06C8C}.Debug|x64.Build.0 = Debug|x64
		{45B2CE83-2A76-4B9D-BF57-374599B06C8C}.Debug|x86.ActiveCfg = Debug|Win32
		{45B2CE83-2A76-4B9D-BF57-374599B06C8C}.Debug|x86.Build.0 = Debug|Win32
		{45B2CE83-2A76-4B9D-BF57-374599B06C8C}.Release|x64.ActiveCfg = Release|x64
		{45B2CE83-2A76-4B9D-BF57-374599B06C8C}.Release|x64.Build.0 = Release|x64
		{45B2CE83-2A76-4B9D-BF57-374599B06C8C}.Release|x86.ActiveCfg = Release|Win32
		{45B2CE83-2A76-4B9D-BF57-374599B06C8C}.Release|x86.Build.0 = Release|Win32
		{5D9714E6-F79A-4BCA-AC9C-C46C0FCB38C2}.Debug|x64.ActiveCfg = Debug|x64
		{5D9714E6-F79A-4BCA-AC9C-C46C0FCB38C2}.Debug|x64.Build.0 = Debug|x64
		{5D9714E6-F79A-4BCA-AC9C-C46C0FCB38C2}.Debug|x86.ActiveCfg = Debug|Win32
		{5D9714E6-F79A-4BCA-AC9C-C46C0FCB38C2}.Debug|x86.Build.0 = Debug|Win32
		{5D9714E6-F79A-4BCA-AC9C-C46C0FCB38C2}.Release|x64.ActiveCfg = Release|x64
		{5D9714E6-F79A-4BCA-AC9C-C46C0FCB38C2}.Release|x64.Build.0 = Release|x64
		{5D9714E6-F79A-4BCA-AC9C-C46C0FCB38C2}.Release|x86.ActiveCfg = Release|Win32
		{5D9714E6-F79A-4BCA-AC9C-C46C0FCB38C2}.Release|x86.Build.0 = Release|Win32
	EndGlobalSection
	GlobalSection(SolutionProperties) = preSolution
		HideSolutionNode = FALSE
	EndGlobalSection
	GlobalSection(ExtensibilityGlobals) = postSolution
		SolutionGuid = {8F346C03-6A0F-46F7-832F-BA665B3603C1}
	EndGlobalSection
EndGlobal
